
Microsoft Visual Studio Solution File, Format Version 12.00
# Visual Studio Version 17
VisualStudioVersion = 17.1.32407.343
MinimumVisualStudioVersion = 10.0.40219.1
Project("{FAE04EC0-301F-11D3-BF4B-00C04F79EFBC}") = "WindForms Contacts", "WindForms Contacts\WindForms Contacts.csproj", "{4215BEBA-6C44-421B-A551-0DF47F09F73C}"
EndProject
Global
	GlobalSection(SolutionConfigurationPlatforms) = preSolution
		Debug|Any CPU = Debug|Any CPU
		Release|Any CPU = Release|Any CPU
	EndGlobalSection
	GlobalSection(ProjectConfigurationPlatforms) = postSolution
		{4215BEBA-6C44-421B-A551-0DF47F09F73C}.Debug|Any CPU.ActiveCfg = Debug|Any CPU
		{4215BEBA-6C44-421B-A551-0DF47F09F73C}.Debug|Any CPU.Build.0 = Debug|Any CPU
		{4215BEBA-6C44-421B-A551-0DF47F09F73C}.Release|Any CPU.ActiveCfg = Release|Any CPU
		{4215BEBA-6C44-421B-A551-0DF47F09F73C}.Release|Any CPU.Build.0 = Release|Any CPU
	EndGlobalSection
	GlobalSection(SolutionProperties) = preSolution
		HideSolutionNode = FALSE
	EndGlobalSection
	GlobalSection(ExtensibilityGlobals) = postSolution
		SolutionGuid = {90D3957B-9275-4884-82CE-309FD64931DA}
	EndGlobalSection
EndGlobal
